
Microsoft Visual Studio Solution File, Format Version 12.00
Project("{FAE04EC0-301F-11D3-BF4B-00C04F79EFBC}") = "JournalApi", "JournalApi\JournalApi.csproj", "{914B988F-2EA9-4FA5-866E-E170CC9C5923}"
EndProject
Project("{FAE04EC0-301F-11D3-BF4B-00C04F79EFBC}") = "Test", "Test\Test.csproj", "{240C1571-AC58-4367-97C1-F872F15CDBE9}"
EndProject
Global
	GlobalSection(SolutionConfigurationPlatforms) = preSolution
		Debug|Any CPU = Debug|Any CPU
		Release|Any CPU = Release|Any CPU
	EndGlobalSection
	GlobalSection(ProjectConfigurationPlatforms) = postSolution
		{914B988F-2EA9-4FA5-866E-E170CC9C5923}.Debug|Any CPU.ActiveCfg = Debug|Any CPU
		{914B988F-2EA9-4FA5-866E-E170CC9C5923}.Debug|Any CPU.Build.0 = Debug|Any CPU
		{914B988F-2EA9-4FA5-866E-E170CC9C5923}.Release|Any CPU.ActiveCfg = Release|Any CPU
		{914B988F-2EA9-4FA5-866E-E170CC9C5923}.Release|Any CPU.Build.0 = Release|Any CPU
		{240C1571-AC58-4367-97C1-F872F15CDBE9}.Debug|Any CPU.ActiveCfg = Debug|Any CPU
		{240C1571-AC58-4367-97C1-F872F15CDBE9}.Debug|Any CPU.Build.0 = Debug|Any CPU
		{240C1571-AC58-4367-97C1-F872F15CDBE9}.Release|Any CPU.ActiveCfg = Release|Any CPU
		{240C1571-AC58-4367-97C1-F872F15CDBE9}.Release|Any CPU.Build.0 = Release|Any CPU
	EndGlobalSection
EndGlobal
